
Microsoft Visual Studio Solution File, Format Version 12.00
# Visual Studio Version 16
VisualStudioVersion = 16.0.30011.22
MinimumVisualStudioVersion = 10.0.40219.1
Project("{888888A0-9F3D-457C-B088-3A5042F75D52}") = "HELLO-PYTHON", "HELLO-PYTHON.pyproj", "{887A41DE-9224-4D4E-9FB4-A308D9112F43}"
EndProject
Global
	GlobalSection(SolutionConfigurationPlatforms) = preSolution
		Debug|Any CPU = Debug|Any CPU
		Release|Any CPU = Release|Any CPU
	EndGlobalSection
	GlobalSection(ProjectConfigurationPlatforms) = postSolution
		{887A41DE-9224-4D4E-9FB4-A308D9112F43}.Debug|Any CPU.ActiveCfg = Debug|Any CPU
		{887A41DE-9224-4D4E-9FB4-A308D9112F43}.Release|Any CPU.ActiveCfg = Release|Any CPU
	EndGlobalSection
	GlobalSection(SolutionProperties) = preSolution
		HideSolutionNode = FALSE
	EndGlobalSection
	GlobalSection(ExtensibilityGlobals) = postSolution
		SolutionGuid = {EABC99C1-3C60-4F07-BBF8-08ECE46D7D31}
	EndGlobalSection
EndGlobal
